
Microsoft Visual Studio Solution File, Format Version 12.00
# Visual Studio 15
Project("{FAE04EC0-301F-11D3-BF4B-00C04F79EFBC}") = "Assembly-CSharp", "Assembly-CSharp.csproj", "{7D4454BC-51AB-C5E4-E6CE-8329AA50D364}"
EndProject
Project("{FAE04EC0-301F-11D3-BF4B-00C04F79EFBC}") = "Assembly-CSharp-firstpass", "Assembly-CSharp-firstpass.csproj", "{8A8A1999-E32C-BCF5-BA10-61BA685D302F}"
EndProject
Global
	GlobalSection(SolutionConfigurationPlatforms) = preSolution
		Debug|Any CPU = Debug|Any CPU
		Release|Any CPU = Release|Any CPU
	EndGlobalSection
	GlobalSection(ProjectConfigurationPlatforms) = postSolution
		{7D4454BC-51AB-C5E4-E6CE-8329AA50D364}.Debug|Any CPU.ActiveCfg = Debug|Any CPU
		{7D4454BC-51AB-C5E4-E6CE-8329AA50D364}.Debug|Any CPU.Build.0 = Debug|Any CPU
		{7D4454BC-51AB-C5E4-E6CE-8329AA50D364}.Release|Any CPU.ActiveCfg = Release|Any CPU
		{7D4454BC-51AB-C5E4-E6CE-8329AA50D364}.Release|Any CPU.Build.0 = Release|Any CPU
		{8A8A1999-E32C-BCF5-BA10-61BA685D302F}.Debug|Any CPU.ActiveCfg = Debug|Any CPU
		{8A8A1999-E32C-BCF5-BA10-61BA685D302F}.Debug|Any CPU.Build.0 = Debug|Any CPU
		{8A8A1999-E32C-BCF5-BA10-61BA685D302F}.Release|Any CPU.ActiveCfg = Release|Any CPU
		{8A8A1999-E32C-BCF5-BA10-61BA685D302F}.Release|Any CPU.Build.0 = Release|Any CPU
	EndGlobalSection
	GlobalSection(SolutionProperties) = preSolution
		HideSolutionNode = FALSE
	EndGlobalSection
EndGlobal
