
Microsoft Visual Studio Solution File, Format Version 11.00
# Visual Studio 2010
Project("{FAE04EC0-301F-11D3-BF4B-00C04F79EFBC}") = "Assembly-CSharp-firstpass", "Assembly-CSharp-firstpass.csproj", "{5f1f2761-7385-ce1f-1622-c3c58749ba4a}"
EndProject
Project("{FAE04EC0-301F-11D3-BF4B-00C04F79EFBC}") = "Assembly-CSharp", "Assembly-CSharp.csproj", "{f96316a7-1e64-a374-b499-8d7138e3ab8c}"
EndProject
Global
	GlobalSection(SolutionConfigurationPlatforms) = preSolution
		Debug|Any CPU = Debug|Any CPU
	EndGlobalSection
	GlobalSection(ProjectConfigurationPlatforms) = postSolution
		{5f1f2761-7385-ce1f-1622-c3c58749ba4a}.Debug|Any CPU.ActiveCfg = Debug|Any CPU
		{5f1f2761-7385-ce1f-1622-c3c58749ba4a}.Debug|Any CPU.Build.0 = Debug|Any CPU
		{f96316a7-1e64-a374-b499-8d7138e3ab8c}.Debug|Any CPU.ActiveCfg = Debug|Any CPU
		{f96316a7-1e64-a374-b499-8d7138e3ab8c}.Debug|Any CPU.Build.0 = Debug|Any CPU
	EndGlobalSection
	GlobalSection(SolutionProperties) = preSolution
		HideSolutionNode = FALSE
	EndGlobalSection
EndGlobal
